
Microsoft Visual Studio Solution File, Format Version 12.00
# Visual Studio Version 17
VisualStudioVersion = 17.8.34330.188
MinimumVisualStudioVersion = 10.0.40219.1
Project("{FAE04EC0-301F-11D3-BF4B-00C04F79EFBC}") = "WebApplication1", "WebApplication1\WebApplication1.csproj", "{09D5686E-F546-4EF3-9589-73E3676EAF66}"
EndProject
Global
	GlobalSection(SolutionConfigurationPlatforms) = preSolution
		Debug|Any CPU = Debug|Any CPU
		Release|Any CPU = Release|Any CPU
	EndGlobalSection
	GlobalSection(ProjectConfigurationPlatforms) = postSolution
		{09D5686E-F546-4EF3-9589-73E3676EAF66}.Debug|Any CPU.ActiveCfg = Debug|Any CPU
		{09D5686E-F546-4EF3-9589-73E3676EAF66}.Debug|Any CPU.Build.0 = Debug|Any CPU
		{09D5686E-F546-4EF3-9589-73E3676EAF66}.Release|Any CPU.ActiveCfg = Release|Any CPU
		{09D5686E-F546-4EF3-9589-73E3676EAF66}.Release|Any CPU.Build.0 = Release|Any CPU
	EndGlobalSection
	GlobalSection(SolutionProperties) = preSolution
		HideSolutionNode = FALSE
	EndGlobalSection
	GlobalSection(ExtensibilityGlobals) = postSolution
		SolutionGuid = {BE497736-2B5C-4817-9448-E0504D4944CE}
	EndGlobalSection
EndGlobal
